
Microsoft Visual Studio Solution File, Format Version 12.00
# Visual Studio 14
VisualStudioVersion = 14.0.25420.1
MinimumVisualStudioVersion = 10.0.40219.1
Project("{F184B08F-C81C-45F6-A57F-5ABD9991F28F}") = "DreamStore_5335", "DreamStore_5335\DreamStore_5335.vbproj", "{15391B9D-BA45-4FE2-AA19-324F75D57C9C}"
EndProject
Project("{F184B08F-C81C-45F6-A57F-5ABD9991F28F}") = "DreamStore_5335.DAL", "DreamStore_5335.DAL\DreamStore_5335.DAL.vbproj", "{AB528D1F-4E8F-4C04-BD48-2AD692A00653}"
EndProject
Global
	GlobalSection(SolutionConfigurationPlatforms) = preSolution
		Debug|Any CPU = Debug|Any CPU
		Release|Any CPU = Release|Any CPU
	EndGlobalSection
	GlobalSection(ProjectConfigurationPlatforms) = postSolution
		{15391B9D-BA45-4FE2-AA19-324F75D57C9C}.Debug|Any CPU.ActiveCfg = Debug|Any CPU
		{15391B9D-BA45-4FE2-AA19-324F75D57C9C}.Debug|Any CPU.Build.0 = Debug|Any CPU
		{15391B9D-BA45-4FE2-AA19-324F75D57C9C}.Release|Any CPU.ActiveCfg = Release|Any CPU
		{15391B9D-BA45-4FE2-AA19-324F75D57C9C}.Release|Any CPU.Build.0 = Release|Any CPU
		{AB528D1F-4E8F-4C04-BD48-2AD692A00653}.Debug|Any CPU.ActiveCfg = Debug|Any CPU
		{AB528D1F-4E8F-4C04-BD48-2AD692A00653}.Debug|Any CPU.Build.0 = Debug|Any CPU
		{AB528D1F-4E8F-4C04-BD48-2AD692A00653}.Release|Any CPU.ActiveCfg = Release|Any CPU
		{AB528D1F-4E8F-4C04-BD48-2AD692A00653}.Release|Any CPU.Build.0 = Release|Any CPU
	EndGlobalSection
	GlobalSection(SolutionProperties) = preSolution
		HideSolutionNode = FALSE
	EndGlobalSection
EndGlobal
